{
  "name": "@workspace/api-client-react",
  "version": "0.0.0",
  "lockfileVersion": 3,
  "requires": true,
  "packages": {
    "": {
      "name": "@workspace/api-client-react",
      "version": "0.0.0",
      "dependencies": {
        "@tanstack/react-query": "^5.90.21"
      },
      "peerDependencies": {
        "react": ">=18"
      }
    },
    "node_modules/@tanstack/query-core": {
      "version": "5.102.7",
      "resolved": "https://registry.npmjs.org/@tanstack/query-core/-/query-core-5.102.7.tgz",
      "integrity": "sha512-4TH8KQrCLoNs9Zvl1LW1iaZ9cZx3dGTgfZ1BnLrcRxMNnX/toe/dGbfvF/DkvbzRyfLfpMKZkembz3o0rnugtw==",
      "license": "MIT",
      "funding": {
        "type": "github",
        "url": "https://github.com/sponsors/tannerlinsley"
      }
    },
    "node_modules/@tanstack/react-query": {
      "version": "5.102.7",
      "resolved": "https://registry.npmjs.org/@tanstack/react-query/-/react-query-5.102.7.tgz",
      "integrity": "sha512-bbd8T4jDIj9aPbNn11SsjNH8apKY4zspkrw63JRsNDXjpW5SRF7X0ipi7yrGd8DCs8QhYfhQJKqEj1YLru1DbQ==",
      "license": "MIT",
      "dependencies": {
        "@tanstack/query-core": "5.102.7"
      },
      "funding": {
        "type": "github",
        "url": "https://github.com/sponsors/tannerlinsley"
      },
      "peerDependencies": {
        "react": "^18 || ^19"
      }
    },
    "node_modules/react": {
      "version": "19.2.8",
      "resolved": "https://registry.npmjs.org/react/-/react-19.2.8.tgz",
      "integrity": "sha512-PWaYA1L/q9u2u7xYQi+Y3L3Yfnie7XyLeaJICV1MGD6LprsBxcAqGjYyr0eY3p+QdsA+x/Irkt4Qif8D63+Sbw==",
      "license": "MIT",
      "peer": true,
      "engines": {
        "node": ">=0.10.0"
      }
    }
  }
}
